
Microsoft Visual Studio Solution File, Format Version 12.00
# Visual Studio 15
VisualStudioVersion = 15.0.27130.2027
MinimumVisualStudioVersion = 10.0.40219.1
Project("{FAE04EC0-301F-11D3-BF4B-00C04F79EFBC}") = "MyEthBook.Services", "MyEthBook.Services\MyEthBook.Services.csproj", "{E12B954B-1FEB-44DB-BD46-978B49277D0C}"
EndProject
Project("{FAE04EC0-301F-11D3-BF4B-00C04F79EFBC}") = "MyEthBook.Client", "MyEthBook.Client\MyEthBook.Client.csproj", "{5A94D9C1-F8D4-4793-A67C-A9086843F256}"
EndProject
Project("{2150E333-8FDC-42A3-9474-1A3956D46DE8}") = "MyEthBook.Truffle", "MyEthBook.Truffle", "{36203F78-5A73-4997-9A10-74D6A39F241E}"
EndProject
Global
	GlobalSection(SolutionConfigurationPlatforms) = preSolution
		Debug|Any CPU = Debug|Any CPU
		Release|Any CPU = Release|Any CPU
	EndGlobalSection
	GlobalSection(ProjectConfigurationPlatforms) = postSolution
		{E12B954B-1FEB-44DB-BD46-978B49277D0C}.Debug|Any CPU.ActiveCfg = Debug|Any CPU
		{E12B954B-1FEB-44DB-BD46-978B49277D0C}.Debug|Any CPU.Build.0 = Debug|Any CPU
		{E12B954B-1FEB-44DB-BD46-978B49277D0C}.Release|Any CPU.ActiveCfg = Release|Any CPU
		{E12B954B-1FEB-44DB-BD46-978B49277D0C}.Release|Any CPU.Build.0 = Release|Any CPU
		{5A94D9C1-F8D4-4793-A67C-A9086843F256}.Debug|Any CPU.ActiveCfg = Debug|Any CPU
		{5A94D9C1-F8D4-4793-A67C-A9086843F256}.Debug|Any CPU.Build.0 = Debug|Any CPU
		{5A94D9C1-F8D4-4793-A67C-A9086843F256}.Release|Any CPU.ActiveCfg = Release|Any CPU
		{5A94D9C1-F8D4-4793-A67C-A9086843F256}.Release|Any CPU.Build.0 = Release|Any CPU
	EndGlobalSection
	GlobalSection(SolutionProperties) = preSolution
		HideSolutionNode = FALSE
	EndGlobalSection
	GlobalSection(ExtensibilityGlobals) = postSolution
		SolutionGuid = {4CE0600E-C565-4643-B309-CB00B5CE42A0}
	EndGlobalSection
EndGlobal
